// !$*UTF8*$!
{
	archiveVersion = 1;
	classes = {
	};
	objectVersion = 46;
	objects = {

/* Begin PBXBuildFile section */
		9646E92C1AB253C5005B8264 /* AppDelegate.swift in Sources */ = {isa = PBXBuildFile; fileRef = 9646E92B1AB253C5005B8264 /* AppDelegate.swift */; };
		9646E92E1AB253C5005B8264 /* RecordSoundsViewController.swift in Sources */ = {isa = PBXBuildFile; fileRef = 9646E92D1AB253C5005B8264 /* RecordSoundsViewController.swift */; };
		9646E9311AB253C5005B8264 /* Main.storyboard in Resources */ = {isa = PBXBuildFile; fileRef = 9646E92F1AB253C5005B8264 /* Main.storyboard */; };
		9646E9331AB253C5005B8264 /* Images.xcassets in Resources */ = {isa = PBXBuildFile; fileRef = 9646E9321AB253C5005B8264 /* Images.xcassets */; };
		9646E9361AB253C5005B8264 /* LaunchScreen.xib in Resources */ = {isa = PBXBuildFile; fileRef = 9646E9341AB253C5005B8264 /* LaunchScreen.xib */; };
		9646E9421AB253C5005B8264 /* PitchPerfectTests.swift in Sources */ = {isa = PBXBuildFile; fileRef = 9646E9411AB253C5005B8264 /* PitchPerfectTests.swift */; };
		966ED3F01ABB8D6900A654AD /* RecordedAudio.swift in Sources */ = {isa = PBXBuildFile; fileRef = 966ED3EF1ABB8D6900A654AD /* RecordedAudio.swift */; };
		96CAE5D01AB8E51D00C4E747 /* PlaySoundsViewController.swift in Sources */ = {isa = PBXBuildFile; fileRef = 96CAE5CF1AB8E51D00C4E747 /* PlaySoundsViewController.swift */; };
		96CAE5D21AB8ECAE00C4E747 /* movie_quote.mp3 in Resources */ = {isa = PBXBuildFile; fileRef = 96CAE5D11AB8ECAE00C4E747 /* movie_quote.mp3 */; };
/* End PBXBuildFile section */

/* Begin PBXContainerItemProxy section */
		9646E93C1AB253C5005B8264 /* PBXContainerItemProxy */ = {
			isa = PBXContainerItemProxy;
			containerPortal = 9646E91E1AB253C4005B8264 /* Project object */;
			proxyType = 1;
			remoteGlobalIDString = 9646E9251AB253C4005B8264;
			remoteInfo = PitchPerfect;
		};
/* End PBXContainerItemProxy section */

/* Begin PBXFileReference section */
		9646E9261AB253C5005B8264 /* PitchPerfect.app */ = {isa = PBXFileReference; explicitFileType = wrapper.application; includeInIndex = 0; path = PitchPerfect.app; sourceTree = BUILT_PRODUCTS_DIR; };
		9646E92A1AB253C5005B8264 /* Info.plist */ = {isa = PBXFileReference; lastKnownFileType = text.plist.xml; path = Info.plist; sourceTree = "<group>"; };
		9646E92B1AB253C5005B8264 /* AppDelegate.swift */ = {isa = PBXFileReference; lastKnownFileType = sourcecode.swift; path = AppDelegate.swift; sourceTree = "<group>"; };
		9646E92D1AB253C5005B8264 /* RecordSoundsViewController.swift */ = {isa = PBXFileReference; lastKnownFileType = sourcecode.swift; path = RecordSoundsViewController.swift; sourceTree = "<group>"; };
		9646E9301AB253C5005B8264 /* Base */ = {isa = PBXFileReference; lastKnownFileType = file.storyboard; name = Base; path = Base.lproj/Main.storyboard; sourceTree = "<group>"; };
		9646E9321AB253C5005B8264 /* Images.xcassets */ = {isa = PBXFileReference; lastKnownFileType = folder.assetcatalog; path = Images.xcassets; sourceTree = "<group>"; };
		9646E9351AB253C5005B8264 /* Base */ = {isa = PBXFileReference; lastKnownFileType = file.xib; name = Base; path = Base.lproj/LaunchScreen.xib; sourceTree = "<group>"; };
		9646E93B1AB253C5005B8264 /* PitchPerfectTests.xctest */ = {isa = PBXFileReference; explicitFileType = wrapper.cfbundle; includeInIndex = 0; path = PitchPerfectTests.xctest; sourceTree = BUILT_PRODUCTS_DIR; };
		9646E9401AB253C5005B8264 /* Info.plist */ = {isa = PBXFileReference; lastKnownFileType = text.plist.xml; path = Info.plist; sourceTree = "<group>"; };
		9646E9411AB253C5005B8264 /* PitchPerfectTests.swift */ = {isa = PBXFileReference; lastKnownFileType = sourcecode.swift; path = PitchPerfectTests.swift; sourceTree = "<group>"; };
		966ED3EF1ABB8D6900A654AD /* RecordedAudio.swift */ = {isa = PBXFileReference; fileEncoding = 4; lastKnownFileType = sourcecode.swift; path = RecordedAudio.swift; sourceTree = "<group>"; };
		96CAE5CF1AB8E51D00C4E747 /* PlaySoundsViewController.swift */ = {isa = PBXFileReference; fileEncoding = 4; lastKnownFileType = sourcecode.swift; path = PlaySoundsViewController.swift; sourceTree = "<group>"; };
		96CAE5D11AB8ECAE00C4E747 /* movie_quote.mp3 */ = {isa = PBXFileReference; lastKnownFileType = audio.mp3; path = movie_quote.mp3; sourceTree = "<group>"; };
/* End PBXFileReference section */

/* Begin PBXFrameworksBuildPhase section */
		9646E9231AB253C4005B8264 /* Frameworks */ = {
			isa = PBXFrameworksBuildPhase;
			buildActionMask = 2147483647;
			files = (
			);
			runOnlyForDeploymentPostprocessing = 0;
		};
		9646E9381AB253C5005B8264 /* Frameworks */ = {
			isa = PBXFrameworksBuildPhase;
			buildActionMask = 2147483647;
			files = (
			);
			runOnlyForDeploymentPostprocessing = 0;
		};
/* End PBXFrameworksBuildPhase section */

/* Begin PBXGroup section */
		9646E91D1AB253C4005B8264 = {
			isa = PBXGroup;
			children = (
				9646E9281AB253C5005B8264 /* PitchPerfect */,
				9646E93E1AB253C5005B8264 /* PitchPerfectTests */,
				9646E9271AB253C5005B8264 /* Products */,
			);
			sourceTree = "<group>";
		};
		9646E9271AB253C5005B8264 /* Products */ = {
			isa = PBXGroup;
			children = (
				9646E9261AB253C5005B8264 /* PitchPerfect.app */,
				9646E93B1AB253C5005B8264 /* PitchPerfectTests.xctest */,
			);
			name = Products;
			sourceTree = "<group>";
		};
		9646E9281AB253C5005B8264 /* PitchPerfect */ = {
			isa = PBXGroup;
			children = (
				96CAE5CF1AB8E51D00C4E747 /* PlaySoundsViewController.swift */,
				9646E92B1AB253C5005B8264 /* AppDelegate.swift */,
				9646E92D1AB253C5005B8264 /* RecordSoundsViewController.swift */,
				966ED3EF1ABB8D6900A654AD /* RecordedAudio.swift */,
				9646E92F1AB253C5005B8264 /* Main.storyboard */,
				9646E9321AB253C5005B8264 /* Images.xcassets */,
				9646E9341AB253C5005B8264 /* LaunchScreen.xib */,
				9646E9291AB253C5005B8264 /* Supporting Files */,
			);
			path = PitchPerfect;
			sourceTree = "<group>";
		};
		9646E9291AB253C5005B8264 /* Supporting Files */ = {
			isa = PBXGroup;
			children = (
				96CAE5D11AB8ECAE00C4E747 /* movie_quote.mp3 */,
				9646E92A1AB253C5005B8264 /* Info.plist */,
			);
			name = "Supporting Files";
			sourceTree = "<group>";
		};
		9646E93E1AB253C5005B8264 /* PitchPerfectTests */ = {
			isa = PBXGroup;
			children = (
				9646E9411AB253C5005B8264 /* PitchPerfectTests.swift */,
				9646E93F1AB253C5005B8264 /* Supporting Files */,
			);
			path = PitchPerfectTests;
			sourceTree = "<group>";
		};
		9646E93F1AB253C5005B8264 /* Supporting Files */ = {
			isa = PBXGroup;
			children = (
				9646E9401AB253C5005B8264 /* Info.plist */,
			);
			name = "Supporting Files";
			sourceTree = "<group>";
		};
/* End PBXGroup section */

/* Begin PBXNativeTarget section */
		9646E9251AB253C4005B8264 /* PitchPerfect */ = {
			isa = PBXNativeTarget;
			buildConfigurationList = 9646E9451AB253C5005B8264 /* Build configuration list for PBXNativeTarget "PitchPerfect" */;
			buildPhases = (
				9646E9221AB253C4005B8264 /* Sources */,
				9646E9231AB253C4005B8264 /* Frameworks */,
				9646E9241AB253C4005B8264 /* Resources */,
			);
			buildRules = (
			);
			dependencies = (
			);
			name = PitchPerfect;
			productName = PitchPerfect;
			productReference = 9646E9261AB253C5005B8264 /* PitchPerfect.app */;
			productType = "com.apple.product-type.application";
		};
		9646E93A1AB253C5005B8264 /* PitchPerfectTests */ = {
			isa = PBXNativeTarget;
			buildConfigurationList = 9646E9481AB253C5005B8264 /* Build configuration list for PBXNativeTarget "PitchPerfectTests" */;
			buildPhases = (
				9646E9371AB253C5005B8264 /* Sources */,
				9646E9381AB253C5005B8264 /* Frameworks */,
				9646E9391AB253C5005B8264 /* Resources */,
			);
			buildRules = (
			);
			dependencies = (
				9646E93D1AB253C5005B8264 /* PBXTargetDependency */,
			);
			name = PitchPerfectTests;
			productName = PitchPerfectTests;
			productReference = 9646E93B1AB253C5005B8264 /* PitchPerfectTests.xctest */;
			productType = "com.apple.product-type.bundle.unit-test";
		};
/* End PBXNativeTarget section */

/* Begin PBXProject section */
		9646E91E1AB253C4005B8264 /* Project object */ = {
			isa = PBXProject;
			attributes = {
				LastUpgradeCheck = 0610;
				ORGANIZATIONNAME = Steve;
				TargetAttributes = {
					9646E9251AB253C4005B8264 = {
						CreatedOnToolsVersion = 6.1.1;
					};
					9646E93A1AB253C5005B8264 = {
						CreatedOnToolsVersion = 6.1.1;
						TestTargetID = 9646E9251AB253C4005B8264;
					};
				};
			};
			buildConfigurationList = 9646E9211AB253C4005B8264 /* Build configuration list for PBXProject "PitchPerfect" */;
			compatibilityVersion = "Xcode 3.2";
			developmentRegion = English;
			hasScannedForEncodings = 0;
			knownRegions = (
				en,
				Base,
			);
			mainGroup = 9646E91D1AB253C4005B8264;
			productRefGroup = 9646E9271AB253C5005B8264 /* Products */;
			projectDirPath = "";
			projectRoot = "";
			targets = (
				9646E9251AB253C4005B8264 /* PitchPerfect */,
				9646E93A1AB253C5005B8264 /* PitchPerfectTests */,
			);
		};
/* End PBXProject section */

/* Begin PBXResourcesBuildPhase section */
		9646E9241AB253C4005B8264 /* Resources */ = {
			isa = PBXResourcesBuildPhase;
			buildActionMask = 2147483647;
			files = (
				9646E9311AB253C5005B8264 /* Main.storyboard in Resources */,
				9646E9361AB253C5005B8264 /* LaunchScreen.xib in Resources */,
				96CAE5D21AB8ECAE00C4E747 /* movie_quote.mp3 in Resources */,
				9646E9331AB253C5005B8264 /* Images.xcassets in Resources */,
			);
			runOnlyForDeploymentPostprocessing = 0;
		};
		9646E9391AB253C5005B8264 /* Resources */ = {
			isa = PBXResourcesBuildPhase;
			buildActionMask = 2147483647;
			files = (
			);
			runOnlyForDeploymentPostprocessing = 0;
		};
/* End PBXResourcesBuildPhase section */

/* Begin PBXSourcesBuildPhase section */
		9646E9221AB253C4005B8264 /* Sources */ = {
			isa = PBXSourcesBuildPhase;
			buildActionMask = 2147483647;
			files = (
				966ED3F01ABB8D6900A654AD /* RecordedAudio.swift in Sources */,
				9646E92E1AB253C5005B8264 /* RecordSoundsViewController.swift in Sources */,
				96CAE5D01AB8E51D00C4E747 /* PlaySoundsViewController.swift in Sources */,
				9646E92C1AB253C5005B8264 /* AppDelegate.swift in Sources */,
			);
			runOnlyForDeploymentPostprocessing = 0;
		};
		9646E9371AB253C5005B8264 /* Sources */ = {
			isa = PBXSourcesBuildPhase;
			buildActionMask = 2147483647;
			files = (
				9646E9421AB253C5005B8264 /* PitchPerfectTests.swift in Sources */,
			);
			runOnlyForDeploymentPostprocessing = 0;
		};
/* End PBXSourcesBuildPhase section */

/* Begin PBXTargetDependency section */
		9646E93D1AB253C5005B8264 /* PBXTargetDependency */ = {
			isa = PBXTargetDependency;
			target = 9646E9251AB253C4005B8264 /* PitchPerfect */;
			targetProxy = 9646E93C1AB253C5005B8264 /* PBXContainerItemProxy */;
		};
/* End PBXTargetDependency section */

/* Begin PBXVariantGroup section */
		9646E92F1AB253C5005B8264 /* Main.storyboard */ = {
			isa = PBXVariantGroup;
			children = (
				9646E9301AB253C5005B8264 /* Base */,
			);
			name = Main.storyboard;
			sourceTree = "<group>";
		};
		9646E9341AB253C5005B8264 /* LaunchScreen.xib */ = {
			isa = PBXVariantGroup;
			children = (
				9646E9351AB253C5005B8264 /* Base */,
			);
			name = LaunchScreen.xib;
			sourceTree = "<group>";
		};
/* End PBXVariantGroup section */

/* Begin XCBuildConfiguration section */
		9646E9431AB253C5005B8264 /* Debug */ = {
			isa = XCBuildConfiguration;
			buildSettings = {
				ALWAYS_SEARCH_USER_PATHS = NO;
				CLANG_CXX_LANGUAGE_STANDARD = "gnu++0x";
				CLANG_CXX_LIBRARY = "libc++";
				CLANG_ENABLE_MODULES = YES;
				CLANG_ENABLE_OBJC_ARC = YES;
				CLANG_WARN_BOOL_CONVERSION = YES;
				CLANG_WARN_CONSTANT_CONVERSION = YES;
				CLANG_WARN_DIRECT_OBJC_ISA_USAGE = YES_ERROR;
				CLANG_WARN_EMPTY_BODY = YES;
				CLANG_WARN_ENUM_CONVERSION = YES;
				CLANG_WARN_INT_CONVERSION = YES;
				CLANG_WARN_OBJC_ROOT_CLASS = YES_ERROR;
				CLANG_WARN_UNREACHABLE_CODE = YES;
				CLANG_WARN__DUPLICATE_METHOD_MATCH = YES;
				"CODE_SIGN_IDENTITY[sdk=iphoneos*]" = "iPhone Developer";
				COPY_PHASE_STRIP = NO;
				ENABLE_STRICT_OBJC_MSGSEND = YES;
				GCC_C_LANGUAGE_STANDARD = gnu99;
				GCC_DYNAMIC_NO_PIC = NO;
				GCC_OPTIMIZATION_LEVEL = 0;
				GCC_PREPROCESSOR_DEFINITIONS = (
					"DEBUG=1",
					"$(inherited)",
				);
				GCC_SYMBOLS_PRIVATE_EXTERN = NO;
				GCC_WARN_64_TO_32_BIT_CONVERSION = YES;
				GCC_WARN_ABOUT_RETURN_TYPE = YES_ERROR;
				GCC_WARN_UNDECLARED_SELECTOR = YES;
				GCC_WARN_UNINITIALIZED_AUTOS = YES_AGGRESSIVE;
				GCC_WARN_UNUSED_FUNCTION = YES;
				GCC_WARN_UNUSED_VARIABLE = YES;
				IPHONEOS_DEPLOYMENT_TARGET = 8.1;
				MTL_ENABLE_DEBUG_INFO = YES;
				ONLY_ACTIVE_ARCH = YES;
				SDKROOT = iphoneos;
				SWIFT_OPTIMIZATION_LEVEL = "-Onone";
			};
			name = Debug;
		};
		9646E9441AB253C5005B8264 /* Release */ = {
			isa = XCBuildConfiguration;
			buildSettings = {
				ALWAYS_SEARCH_USER_PATHS = NO;
				CLANG_CXX_LANGUAGE_STANDARD = "gnu++0x";
				CLANG_CXX_LIBRARY = "libc++";
				CLANG_ENABLE_MODULES = YES;
				CLANG_ENABLE_OBJC_ARC = YES;
				CLANG_WARN_BOOL_CONVERSION = YES;
				CLANG_WARN_CONSTANT_CONVERSION = YES;
				CLANG_WARN_DIRECT_OBJC_ISA_USAGE = YES_ERROR;
				CLANG_WARN_EMPTY_BODY = YES;
				CLANG_WARN_ENUM_CONVERSION = YES;
				CLANG_WARN_INT_CONVERSION = YES;
				CLANG_WARN_OBJC_ROOT_CLASS = YES_ERROR;
				CLANG_WARN_UNREACHABLE_CODE = YES;
				CLANG_WARN__DUPLICATE_METHOD_MATCH = YES;
				"CODE_SIGN_IDENTITY[sdk=iphoneos*]" = "iPhone Developer";
				COPY_PHASE_STRIP = YES;
				ENABLE_NS_ASSERTIONS = NO;
				ENABLE_STRICT_OBJC_MSGSEND = YES;
				GCC_C_LANGUAGE_STANDARD = gnu99;
				GCC_WARN_64_TO_32_BIT_CONVERSION = YES;
				GCC_WARN_ABOUT_RETURN_TYPE = YES_ERROR;
				GCC_WARN_UNDECLARED_SELECTOR = YES;
				GCC_WARN_UNINITIALIZED_AUTOS = YES_AGGRESSIVE;
				GCC_WARN_UNUSED_FUNCTION = YES;
				GCC_WARN_UNUSED_VARIABLE = YES;
				IPHONEOS_DEPLOYMENT_TARGET = 8.1;
				MTL_ENABLE_DEBUG_INFO = NO;
				SDKROOT = iphoneos;
				VALIDATE_PRODUCT = YES;
			};
			name = Release;
		};
		9646E9461AB253C5005B8264 /* Debug */ = {
			isa = XCBuildConfiguration;
			buildSettings = {
				ASSETCATALOG_COMPILER_APPICON_NAME = AppIcon;
				INFOPLIST_FILE = PitchPerfect/Info.plist;
				IPHONEOS_DEPLOYMENT_TARGET = 8.1;
				LD_RUNPATH_SEARCH_PATHS = "$(inherited) @executable_path/Frameworks";
				PRODUCT_NAME = "$(TARGET_NAME)";
				SDKROOT = iphoneos;
				SUPPORTED_PLATFORMS = "iphonesimulator iphoneos";
			};
			name = Debug;
		};
		9646E9471AB253C5005B8264 /* Release */ = {
			isa = XCBuildConfiguration;
			buildSettings = {
				ASSETCATALOG_COMPILER_APPICON_NAME = AppIcon;
				INFOPLIST_FILE = PitchPerfect/Info.plist;
				IPHONEOS_DEPLOYMENT_TARGET = 8.1;
				LD_RUNPATH_SEARCH_PATHS = "$(inherited) @executable_path/Frameworks";
				PRODUCT_NAME = "$(TARGET_NAME)";
				SDKROOT = iphoneos;
				SUPPORTED_PLATFORMS = "iphonesimulator iphoneos";
			};
			name = Release;
		};
		9646E9491AB253C5005B8264 /* Debug */ = {
			isa = XCBuildConfiguration;
			buildSettings = {
				BUNDLE_LOADER = "$(TEST_HOST)";
				FRAMEWORK_SEARCH_PATHS = (
					"$(SDKROOT)/Developer/Library/Frameworks",
					"$(inherited)",
				);
				GCC_PREPROCESSOR_DEFINITIONS = (
					"DEBUG=1",
					"$(inherited)",
				);
				INFOPLIST_FILE = PitchPerfectTests/Info.plist;
				LD_RUNPATH_SEARCH_PATHS = "$(inherited) @executable_path/Frameworks @loader_path/Frameworks";
				PRODUCT_NAME = "$(TARGET_NAME)";
				TEST_HOST = "$(BUILT_PRODUCTS_DIR)/PitchPerfect.app/PitchPerfect";
			};
			name = Debug;
		};
		9646E94A1AB253C5005B8264 /* Release */ = {
			isa = XCBuildConfiguration;
			buildSettings = {
				BUNDLE_LOADER = "$(TEST_HOST)";
				FRAMEWORK_SEARCH_PATHS = (
					"$(SDKROOT)/Developer/Library/Frameworks",
					"$(inherited)",
				);
				INFOPLIST_FILE = PitchPerfectTests/Info.plist;
				LD_RUNPATH_SEARCH_PATHS = "$(inherited) @executable_path/Frameworks @loader_path/Frameworks";
				PRODUCT_NAME = "$(TARGET_NAME)";
				TEST_HOST = "$(BUILT_PRODUCTS_DIR)/PitchPerfect.app/PitchPerfect";
			};
			name = Release;
		};
/* End XCBuildConfiguration section */

/* Begin XCConfigurationList section */
		9646E9211AB253C4005B8264 /* Build configuration list for PBXProject "PitchPerfect" */ = {
			isa = XCConfigurationList;
			buildConfigurations = (
				9646E9431AB253C5005B8264 /* Debug */,
				9646E9441AB253C5005B8264 /* Release */,
			);
			defaultConfigurationIsVisible = 0;
			defaultConfigurationName = Release;
		};
		9646E9451AB253C5005B8264 /* Build configuration list for PBXNativeTarget "PitchPerfect" */ = {
			isa = XCConfigurationList;
			buildConfigurations = (
				9646E9461AB253C5005B8264 /* Debug */,
				9646E9471AB253C5005B8264 /* Release */,
			);
			defaultConfigurationIsVisible = 0;
			defaultConfigurationName = Release;
		};
		9646E9481AB253C5005B8264 /* Build configuration list for PBXNativeTarget "PitchPerfectTests" */ = {
			isa = XCConfigurationList;
			buildConfigurations = (
				9646E9491AB253C5005B8264 /* Debug */,
				9646E94A1AB253C5005B8264 /* Release */,
			);
			defaultConfigurationIsVisible = 0;
			defaultConfigurationName = Release;
		};
/* End XCConfigurationList section */
	};
	rootObject = 9646E91E1AB253C4005B8264 /* Project object */;
}
